<?xml version="1.0" encoding="utf-8"?>
<Project ToolsVersion="4.0" xmlns="http://schemas.microsoft.com/developer/msbuild/2003">
  <ItemGroup>
    <Filter Include="Source Files">
      <UniqueIdentifier>{4FC737F1-C7A5-4376-A066-2A32D752A2FF}</UniqueIdentifier>
      <Extensions>cpp;c;cc;cxx;c++;cppm;ixx;def;odl;idl;hpj;bat;asm;asmx</Extensions>
    </Filter>
    <Filter Include="Header Files">
      <UniqueIdentifier>{93995380-89BD-4b04-88EB-625FBE52EBFB}</UniqueIdentifier>
      <Extensions>h;hh;hpp;hxx;h++;hm;inl;inc;ipp;xsd</Extensions>
    </Filter>
    <Filter Include="Resource Files">
      <UniqueIdentifier>{67DA6AB6-F800-4c08-8B7A-83BB121AAD01}</UniqueIdentifier>
      <Extensions>rc;ico;cur;bmp;dlg;rc2;rct;bin;rgs;gif;jpg;jpeg;jpe;resx;tiff;tif;png;wav;mfcribbon-ms</Extensions>
    </Filter>
  </ItemGroup>
  <ItemGroup>
    <ClCompile Include="main.cpp">
      <Filter>Source Files</Filter>
    </ClCompile>
    <ClCompile Include="shader\Shader.cpp">
      <Filter>Source Files</Filter>
    </ClCompile>
    <ClCompile Include="input\InputHandler.cpp">
      <Filter>Source Files</Filter>
    </ClCompile>
    <ClCompile Include="camera\Camera.cpp">
      <Filter>Source Files</Filter>
    </ClCompile>
    <ClCompile Include="ui\FontLibrary.cpp">
      <Filter>Source Files</Filter>
    </ClCompile>
    <ClCompile Include="utility\StringFunctions.cpp">
      <Filter>Source Files</Filter>
    </ClCompile>
    <ClCompile Include="terrain\Terrain.cpp">
      <Filter>Source Files</Filter>
    </ClCompile>
    <ClCompile Include="shader\ShaderLibrary.cpp">
      <Filter>Source Files</Filter>
    </ClCompile>
    <ClCompile Include="utility\PerlinNoise.cpp">
      <Filter>Source Files</Filter>
    </ClCompile>
  </ItemGroup>
  <ItemGroup>
    <ClInclude Include="window\Window.h">
      <Filter>Header Files</Filter>
    </ClInclude>
    <ClInclude Include="renderer\Renderer.h">
      <Filter>Header Files</Filter>
    </ClInclude>
    <ClInclude Include="game\Game.h">
      <Filter>Header Files</Filter>
    </ClInclude>
    <ClInclude Include="buffers\VAO.h">
      <Filter>Header Files</Filter>
    </ClInclude>
    <ClInclude Include="model\Model.h">
      <Filter>Header Files</Filter>
    </ClInclude>
    <ClInclude Include="shader\Shader.h">
      <Filter>Header Files</Filter>
    </ClInclude>
    <ClInclude Include="camera\Camera.h">
      <Filter>Header Files</Filter>
    </ClInclude>
    <ClInclude Include="utility\ModelTransform.h">
      <Filter>Header Files</Filter>
    </ClInclude>
    <ClInclude Include="input\InputHandler.h">
      <Filter>Header Files</Filter>
    </ClInclude>
    <ClInclude Include="primitives\Cube.h">
      <Filter>Header Files</Filter>
    </ClInclude>
    <ClInclude Include="model\Mesh.h">
      <Filter>Header Files</Filter>
    </ClInclude>
    <ClInclude Include="texture\Texture.h">
      <Filter>Header Files</Filter>
    </ClInclude>
    <ClInclude Include="texture\Texture2D.h">
      <Filter>Header Files</Filter>
    </ClInclude>
    <ClInclude Include="primitives\Triangle.h">
      <Filter>Header Files</Filter>
    </ClInclude>
    <ClInclude Include="material\Material.h">
      <Filter>Header Files</Filter>
    </ClInclude>
    <ClInclude Include="primitives\Plane.h">
      <Filter>Header Files</Filter>
    </ClInclude>
    <ClInclude Include="lighting\Light.h">
      <Filter>Header Files</Filter>
    </ClInclude>
    <ClInclude Include="lighting\DirectionalLight.h">
      <Filter>Header Files</Filter>
    </ClInclude>
    <ClInclude Include="macros.h">
      <Filter>Header Files</Filter>
    </ClInclude>
    <ClInclude Include="model\Transform.h">
      <Filter>Header Files</Filter>
    </ClInclude>
    <ClInclude Include="texture\TextureCubeMap.h">
      <Filter>Header Files</Filter>
    </ClInclude>
    <ClInclude Include="skybox\Skybox.h">
      <Filter>Header Files</Filter>
    </ClInclude>
    <ClInclude Include="texture\RenderedTexture.h">
      <Filter>Header Files</Filter>
    </ClInclude>
    <ClInclude Include="texture\ShadowMap.h">
      <Filter>Header Files</Filter>
    </ClInclude>
    <ClInclude Include="scene\Scene.h">
      <Filter>Header Files</Filter>
    </ClInclude>
    <ClInclude Include="ui\Font.h">
      <Filter>Header Files</Filter>
    </ClInclude>
    <ClInclude Include="ui\FontLibrary.h">
      <Filter>Header Files</Filter>
    </ClInclude>
    <ClInclude Include="utility\StringFunctions.h">
      <Filter>Header Files</Filter>
    </ClInclude>
    <ClInclude Include="ui\Control.h">
      <Filter>Header Files</Filter>
    </ClInclude>
    <ClInclude Include="ui\Label.h">
      <Filter>Header Files</Filter>
    </ClInclude>
    <ClInclude Include="ui\Text.h">
      <Filter>Header Files</Filter>
    </ClInclude>
    <ClInclude Include="ui\Types.h">
      <Filter>Header Files</Filter>
    </ClInclude>
    <ClInclude Include="assets manager\AssetsManager.h">
      <Filter>Header Files</Filter>
    </ClInclude>
    <ClInclude Include="terrain\Terrain.h">
      <Filter>Header Files</Filter>
    </ClInclude>
    <ClInclude Include="shader\ShaderLibrary.h">
      <Filter>Header Files</Filter>
    </ClInclude>
    <ClInclude Include="utility\PerlinNoise.h">
      <Filter>Header Files</Filter>
    </ClInclude>
  </ItemGroup>
  <ItemGroup>
    <Text Include="config\actions.txt" />
  </ItemGroup>
  <ItemGroup>
    <None Include="res\shaders\shadowMap\vs.glsl" />
    <None Include="res\shaders\shadowMap\fs.glsl" />
  </ItemGroup>
</Project>